
Microsoft Visual Studio Solution File, Format Version 12.00
# Visual Studio 15
Project("{FAE04EC0-301F-11D3-BF4B-00C04F79EFBC}") = "r2Boilerplate", "r2Boilerplate.csproj", "{1698EAF2-8FAA-4ED7-8146-7AB921DBD56B}"
EndProject
Project("{FAE04EC0-301F-11D3-BF4B-00C04F79EFBC}") = "R2Core", "..\r2Project\Src\Core\R2Core.csproj", "{20F7565B-91DE-40F9-80BE-C83D1B93C537}"
EndProject
Project("{FAE04EC0-301F-11D3-BF4B-00C04F79EFBC}") = "R2Core.Common", "..\r2Project\Src\Common\R2Core.Common.csproj", "{2CF390FB-F117-41C7-BF35-1D7CA8446C7C}"
EndProject
Project("{FAE04EC0-301F-11D3-BF4B-00C04F79EFBC}") = "R2Core.Scripting", "..\r2Project\Src\Scripting\R2Core.Scripting.csproj", "{2E07EACB-D0FB-415F-A497-8D57DE3D2D5C}"
EndProject
Project("{FAE04EC0-301F-11D3-BF4B-00C04F79EFBC}") = "R2Core.GPIO", "..\r2Project\Src\GPIO\R2Core.GPIO.csproj", "{D7921788-D9E8-44C5-8BC7-A1B0D4FD68E3}"
EndProject
Global
	GlobalSection(SolutionConfigurationPlatforms) = preSolution
		Debug|x86 = Debug|x86
		Release|x86 = Release|x86
	EndGlobalSection
	GlobalSection(ProjectConfigurationPlatforms) = postSolution
		{1698EAF2-8FAA-4ED7-8146-7AB921DBD56B}.Debug|x86.ActiveCfg = Debug|x86
		{1698EAF2-8FAA-4ED7-8146-7AB921DBD56B}.Debug|x86.Build.0 = Debug|x86
		{1698EAF2-8FAA-4ED7-8146-7AB921DBD56B}.Release|x86.ActiveCfg = Release|x86
		{1698EAF2-8FAA-4ED7-8146-7AB921DBD56B}.Release|x86.Build.0 = Release|x86
		{20F7565B-91DE-40F9-80BE-C83D1B93C537}.Debug|x86.ActiveCfg = Debug|Any CPU
		{20F7565B-91DE-40F9-80BE-C83D1B93C537}.Debug|x86.Build.0 = Debug|Any CPU
		{20F7565B-91DE-40F9-80BE-C83D1B93C537}.Release|x86.ActiveCfg = Release|Any CPU
		{20F7565B-91DE-40F9-80BE-C83D1B93C537}.Release|x86.Build.0 = Release|Any CPU
		{2CF390FB-F117-41C7-BF35-1D7CA8446C7C}.Debug|x86.ActiveCfg = Debug|Any CPU
		{2CF390FB-F117-41C7-BF35-1D7CA8446C7C}.Debug|x86.Build.0 = Debug|Any CPU
		{2CF390FB-F117-41C7-BF35-1D7CA8446C7C}.Release|x86.ActiveCfg = Release|Any CPU
		{2CF390FB-F117-41C7-BF35-1D7CA8446C7C}.Release|x86.Build.0 = Release|Any CPU
		{2E07EACB-D0FB-415F-A497-8D57DE3D2D5C}.Debug|x86.ActiveCfg = Debug|Any CPU
		{2E07EACB-D0FB-415F-A497-8D57DE3D2D5C}.Debug|x86.Build.0 = Debug|Any CPU
		{2E07EACB-D0FB-415F-A497-8D57DE3D2D5C}.Release|x86.ActiveCfg = Release|Any CPU
		{2E07EACB-D0FB-415F-A497-8D57DE3D2D5C}.Release|x86.Build.0 = Release|Any CPU
		{D7921788-D9E8-44C5-8BC7-A1B0D4FD68E3}.Debug|x86.ActiveCfg = Debug|Any CPU
		{D7921788-D9E8-44C5-8BC7-A1B0D4FD68E3}.Debug|x86.Build.0 = Debug|Any CPU
		{D7921788-D9E8-44C5-8BC7-A1B0D4FD68E3}.Release|x86.ActiveCfg = Release|Any CPU
		{D7921788-D9E8-44C5-8BC7-A1B0D4FD68E3}.Release|x86.Build.0 = Release|Any CPU
	EndGlobalSection
EndGlobal
